
Microsoft Visual Studio Solution File, Format Version 12.00
# Visual Studio Version 17
VisualStudioVersion = 17.4.33213.308
MinimumVisualStudioVersion = 10.0.40219.1
Project("{FAE04EC0-301F-11D3-BF4B-00C04F79EFBC}") = "MVC_EF", "MVC_EF\MVC_EF.csproj", "{C99CDB10-5BB8-479A-B567-074D7AF3BCF9}"
EndProject
Global
	GlobalSection(SolutionConfigurationPlatforms) = preSolution
		Debug|Any CPU = Debug|Any CPU
		Release|Any CPU = Release|Any CPU
	EndGlobalSection
	GlobalSection(ProjectConfigurationPlatforms) = postSolution
		{C99CDB10-5BB8-479A-B567-074D7AF3BCF9}.Debug|Any CPU.ActiveCfg = Debug|Any CPU
		{C99CDB10-5BB8-479A-B567-074D7AF3BCF9}.Debug|Any CPU.Build.0 = Debug|Any CPU
		{C99CDB10-5BB8-479A-B567-074D7AF3BCF9}.Release|Any CPU.ActiveCfg = Release|Any CPU
		{C99CDB10-5BB8-479A-B567-074D7AF3BCF9}.Release|Any CPU.Build.0 = Release|Any CPU
	EndGlobalSection
	GlobalSection(SolutionProperties) = preSolution
		HideSolutionNode = FALSE
	EndGlobalSection
	GlobalSection(ExtensibilityGlobals) = postSolution
		SolutionGuid = {D65CBD7F-A38D-4EA8-86EB-4AA9049CDFF9}
	EndGlobalSection
EndGlobal
